
Microsoft Visual Studio Solution File, Format Version 11.00
# Visual Studio 2010
Project("{FAE04EC0-301F-11D3-BF4B-00C04F79EFBC}") = "BrickBreaker", "Assembly-CSharp.csproj", "{7D74A5D3-C79B-07A7-4916-442A92A60208}"
EndProject
Global
	GlobalSection(SolutionConfigurationPlatforms) = preSolution
		Debug|Any CPU = Debug|Any CPU
		Release|Any CPU = Release|Any CPU
	EndGlobalSection
	GlobalSection(ProjectConfigurationPlatforms) = postSolution
		{7D74A5D3-C79B-07A7-4916-442A92A60208}.Debug|Any CPU.ActiveCfg = Debug|Any CPU
		{7D74A5D3-C79B-07A7-4916-442A92A60208}.Debug|Any CPU.Build.0 = Debug|Any CPU
		{7D74A5D3-C79B-07A7-4916-442A92A60208}.Release|Any CPU.ActiveCfg = Release|Any CPU
		{7D74A5D3-C79B-07A7-4916-442A92A60208}.Release|Any CPU.Build.0 = Release|Any CPU
	EndGlobalSection
	GlobalSection(SolutionProperties) = preSolution
		HideSolutionNode = FALSE
	EndGlobalSection
	GlobalSection(MonoDevelopProperties) = preSolution
		StartupItem = Assembly-CSharp.csproj
	EndGlobalSection
EndGlobal
